// !$*UTF8*$!
{
	archiveVersion = 1;
	classes = {
	};
	objectVersion = 48;
	objects = {

/* Begin PBXBuildFile section */
		9CCBF22020AE18E80011842F /* AppDelegate.m in Sources */ = {isa = PBXBuildFile; fileRef = 9CCBF21F20AE18E80011842F /* AppDelegate.m */; };
		9CCBF22320AE18E80011842F /* ViewController.m in Sources */ = {isa = PBXBuildFile; fileRef = 9CCBF22220AE18E80011842F /* ViewController.m */; };
		9CCBF22620AE18E80011842F /* Main.storyboard in Resources */ = {isa = PBXBuildFile; fileRef = 9CCBF22420AE18E80011842F /* Main.storyboard */; };
		9CCBF22820AE18E80011842F /* Assets.xcassets in Resources */ = {isa = PBXBuildFile; fileRef = 9CCBF22720AE18E80011842F /* Assets.xcassets */; };
		9CCBF22B20AE18E80011842F /* LaunchScreen.storyboard in Resources */ = {isa = PBXBuildFile; fileRef = 9CCBF22920AE18E80011842F /* LaunchScreen.storyboard */; };
		9CCBF22E20AE18E80011842F /* main.m in Sources */ = {isa = PBXBuildFile; fileRef = 9CCBF22D20AE18E80011842F /* main.m */; };
		9CCBF23620B5603E0011842F /* Person.m in Sources */ = {isa = PBXBuildFile; fileRef = 9CCBF23520B5603E0011842F /* Person.m */; };
		9CCBF23920B5AF950011842F /* Coder.m in Sources */ = {isa = PBXBuildFile; fileRef = 9CCBF23820B5AF950011842F /* Coder.m */; };
		9CCBF23C20B5B5D60011842F /* Coders.m in Sources */ = {isa = PBXBuildFile; fileRef = 9CCBF23B20B5B5D60011842F /* Coders.m */; };
/* End PBXBuildFile section */

/* Begin PBXFileReference section */
		9CCBF21B20AE18E80011842F /* New-project_28-Coders.app */ = {isa = PBXFileReference; explicitFileType = wrapper.application; includeInIndex = 0; path = "New-project_28-Coders.app"; sourceTree = BUILT_PRODUCTS_DIR; };
		9CCBF21E20AE18E80011842F /* AppDelegate.h */ = {isa = PBXFileReference; lastKnownFileType = sourcecode.c.h; path = AppDelegate.h; sourceTree = "<group>"; };
		9CCBF21F20AE18E80011842F /* AppDelegate.m */ = {isa = PBXFileReference; lastKnownFileType = sourcecode.c.objc; path = AppDelegate.m; sourceTree = "<group>"; };
		9CCBF22120AE18E80011842F /* ViewController.h */ = {isa = PBXFileReference; lastKnownFileType = sourcecode.c.h; path = ViewController.h; sourceTree = "<group>"; };
		9CCBF22220AE18E80011842F /* ViewController.m */ = {isa = PBXFileReference; lastKnownFileType = sourcecode.c.objc; path = ViewController.m; sourceTree = "<group>"; };
		9CCBF22520AE18E80011842F /* Base */ = {isa = PBXFileReference; lastKnownFileType = file.storyboard; name = Base; path = Base.lproj/Main.storyboard; sourceTree = "<group>"; };
		9CCBF22720AE18E80011842F /* Assets.xcassets */ = {isa = PBXFileReference; lastKnownFileType = folder.assetcatalog; path = Assets.xcassets; sourceTree = "<group>"; };
		9CCBF22A20AE18E80011842F /* Base */ = {isa = PBXFileReference; lastKnownFileType = file.storyboard; name = Base; path = Base.lproj/LaunchScreen.storyboard; sourceTree = "<group>"; };
		9CCBF22C20AE18E80011842F /* Info.plist */ = {isa = PBXFileReference; lastKnownFileType = text.plist.xml; path = Info.plist; sourceTree = "<group>"; };
		9CCBF22D20AE18E80011842F /* main.m */ = {isa = PBXFileReference; lastKnownFileType = sourcecode.c.objc; path = main.m; sourceTree = "<group>"; };
		9CCBF23420B5603E0011842F /* Person.h */ = {isa = PBXFileReference; lastKnownFileType = sourcecode.c.h; path = Person.h; sourceTree = "<group>"; };
		9CCBF23520B5603E0011842F /* Person.m */ = {isa = PBXFileReference; lastKnownFileType = sourcecode.c.objc; path = Person.m; sourceTree = "<group>"; };
		9CCBF23720B5AF950011842F /* Coder.h */ = {isa = PBXFileReference; lastKnownFileType = sourcecode.c.h; path = Coder.h; sourceTree = "<group>"; };
		9CCBF23820B5AF950011842F /* Coder.m */ = {isa = PBXFileReference; lastKnownFileType = sourcecode.c.objc; path = Coder.m; sourceTree = "<group>"; };
		9CCBF23A20B5B5D60011842F /* Coders.h */ = {isa = PBXFileReference; lastKnownFileType = sourcecode.c.h; path = Coders.h; sourceTree = "<group>"; };
		9CCBF23B20B5B5D60011842F /* Coders.m */ = {isa = PBXFileReference; lastKnownFileType = sourcecode.c.objc; path = Coders.m; sourceTree = "<group>"; };
/* End PBXFileReference section */

/* Begin PBXFrameworksBuildPhase section */
		9CCBF21820AE18E80011842F /* Frameworks */ = {
			isa = PBXFrameworksBuildPhase;
			buildActionMask = 2147483647;
			files = (
			);
			runOnlyForDeploymentPostprocessing = 0;
		};
/* End PBXFrameworksBuildPhase section */

/* Begin PBXGroup section */
		9CCBF21220AE18E80011842F = {
			isa = PBXGroup;
			children = (
				9CCBF21D20AE18E80011842F /* New-project_28-Coders */,
				9CCBF21C20AE18E80011842F /* Products */,
			);
			sourceTree = "<group>";
		};
		9CCBF21C20AE18E80011842F /* Products */ = {
			isa = PBXGroup;
			children = (
				9CCBF21B20AE18E80011842F /* New-project_28-Coders.app */,
			);
			name = Products;
			sourceTree = "<group>";
		};
		9CCBF21D20AE18E80011842F /* New-project_28-Coders */ = {
			isa = PBXGroup;
			children = (
				9CCBF21E20AE18E80011842F /* AppDelegate.h */,
				9CCBF21F20AE18E80011842F /* AppDelegate.m */,
				9CCBF22120AE18E80011842F /* ViewController.h */,
				9CCBF22220AE18E80011842F /* ViewController.m */,
				9CCBF22420AE18E80011842F /* Main.storyboard */,
				9CCBF22720AE18E80011842F /* Assets.xcassets */,
				9CCBF22920AE18E80011842F /* LaunchScreen.storyboard */,
				9CCBF22C20AE18E80011842F /* Info.plist */,
				9CCBF22D20AE18E80011842F /* main.m */,
				9CCBF23420B5603E0011842F /* Person.h */,
				9CCBF23520B5603E0011842F /* Person.m */,
				9CCBF23720B5AF950011842F /* Coder.h */,
				9CCBF23820B5AF950011842F /* Coder.m */,
				9CCBF23A20B5B5D60011842F /* Coders.h */,
				9CCBF23B20B5B5D60011842F /* Coders.m */,
			);
			path = "New-project_28-Coders";
			sourceTree = "<group>";
		};
/* End PBXGroup section */

/* Begin PBXNativeTarget section */
		9CCBF21A20AE18E80011842F /* New-project_28-Coders */ = {
			isa = PBXNativeTarget;
			buildConfigurationList = 9CCBF23120AE18E80011842F /* Build configuration list for PBXNativeTarget "New-project_28-Coders" */;
			buildPhases = (
				9CCBF21720AE18E80011842F /* Sources */,
				9CCBF21820AE18E80011842F /* Frameworks */,
				9CCBF21920AE18E80011842F /* Resources */,
			);
			buildRules = (
			);
			dependencies = (
			);
			name = "New-project_28-Coders";
			productName = "New-project_28-Coders";
			productReference = 9CCBF21B20AE18E80011842F /* New-project_28-Coders.app */;
			productType = "com.apple.product-type.application";
		};
/* End PBXNativeTarget section */

/* Begin PBXProject section */
		9CCBF21320AE18E80011842F /* Project object */ = {
			isa = PBXProject;
			attributes = {
				LastUpgradeCheck = 0910;
				ORGANIZATIONNAME = kilolumen;
				TargetAttributes = {
					9CCBF21A20AE18E80011842F = {
						CreatedOnToolsVersion = 9.1;
						ProvisioningStyle = Automatic;
					};
				};
			};
			buildConfigurationList = 9CCBF21620AE18E80011842F /* Build configuration list for PBXProject "New-project_28-Coders" */;
			compatibilityVersion = "Xcode 8.0";
			developmentRegion = en;
			hasScannedForEncodings = 0;
			knownRegions = (
				en,
				Base,
			);
			mainGroup = 9CCBF21220AE18E80011842F;
			productRefGroup = 9CCBF21C20AE18E80011842F /* Products */;
			projectDirPath = "";
			projectRoot = "";
			targets = (
				9CCBF21A20AE18E80011842F /* New-project_28-Coders */,
			);
		};
/* End PBXProject section */

/* Begin PBXResourcesBuildPhase section */
		9CCBF21920AE18E80011842F /* Resources */ = {
			isa = PBXResourcesBuildPhase;
			buildActionMask = 2147483647;
			files = (
				9CCBF22B20AE18E80011842F /* LaunchScreen.storyboard in Resources */,
				9CCBF22820AE18E80011842F /* Assets.xcassets in Resources */,
				9CCBF22620AE18E80011842F /* Main.storyboard in Resources */,
			);
			runOnlyForDeploymentPostprocessing = 0;
		};
/* End PBXResourcesBuildPhase section */

/* Begin PBXSourcesBuildPhase section */
		9CCBF21720AE18E80011842F /* Sources */ = {
			isa = PBXSourcesBuildPhase;
			buildActionMask = 2147483647;
			files = (
				9CCBF23920B5AF950011842F /* Coder.m in Sources */,
				9CCBF23C20B5B5D60011842F /* Coders.m in Sources */,
				9CCBF22320AE18E80011842F /* ViewController.m in Sources */,
				9CCBF22E20AE18E80011842F /* main.m in Sources */,
				9CCBF23620B5603E0011842F /* Person.m in Sources */,
				9CCBF22020AE18E80011842F /* AppDelegate.m in Sources */,
			);
			runOnlyForDeploymentPostprocessing = 0;
		};
/* End PBXSourcesBuildPhase section */

/* Begin PBXVariantGroup section */
		9CCBF22420AE18E80011842F /* Main.storyboard */ = {
			isa = PBXVariantGroup;
			children = (
				9CCBF22520AE18E80011842F /* Base */,
			);
			name = Main.storyboard;
			sourceTree = "<group>";
		};
		9CCBF22920AE18E80011842F /* LaunchScreen.storyboard */ = {
			isa = PBXVariantGroup;
			children = (
				9CCBF22A20AE18E80011842F /* Base */,
			);
			name = LaunchScreen.storyboard;
			sourceTree = "<group>";
		};
/* End PBXVariantGroup section */

/* Begin XCBuildConfiguration section */
		9CCBF22F20AE18E80011842F /* Debug */ = {
			isa = XCBuildConfiguration;
			buildSettings = {
				ALWAYS_SEARCH_USER_PATHS = NO;
				CLANG_ANALYZER_NONNULL = YES;
				CLANG_ANALYZER_NUMBER_OBJECT_CONVERSION = YES_AGGRESSIVE;
				CLANG_CXX_LANGUAGE_STANDARD = "gnu++14";
				CLANG_CXX_LIBRARY = "libc++";
				CLANG_ENABLE_MODULES = YES;
				CLANG_ENABLE_OBJC_ARC = YES;
				CLANG_WARN_BLOCK_CAPTURE_AUTORELEASING = YES;
				CLANG_WARN_BOOL_CONVERSION = YES;
				CLANG_WARN_COMMA = YES;
				CLANG_WARN_CONSTANT_CONVERSION = YES;
				CLANG_WARN_DIRECT_OBJC_ISA_USAGE = YES_ERROR;
				CLANG_WARN_DOCUMENTATION_COMMENTS = YES;
				CLANG_WARN_EMPTY_BODY = YES;
				CLANG_WARN_ENUM_CONVERSION = YES;
				CLANG_WARN_INFINITE_RECURSION = YES;
				CLANG_WARN_INT_CONVERSION = YES;
				CLANG_WARN_NON_LITERAL_NULL_CONVERSION = YES;
				CLANG_WARN_OBJC_LITERAL_CONVERSION = YES;
				CLANG_WARN_OBJC_ROOT_CLASS = YES_ERROR;
				CLANG_WARN_RANGE_LOOP_ANALYSIS = YES;
				CLANG_WARN_STRICT_PROTOTYPES = YES;
				CLANG_WARN_SUSPICIOUS_MOVE = YES;
				CLANG_WARN_UNGUARDED_AVAILABILITY = YES_AGGRESSIVE;
				CLANG_WARN_UNREACHABLE_CODE = YES;
				CLANG_WARN__DUPLICATE_METHOD_MATCH = YES;
				CODE_SIGN_IDENTITY = "iPhone Developer";
				COPY_PHASE_STRIP = NO;
				DEBUG_INFORMATION_FORMAT = dwarf;
				ENABLE_STRICT_OBJC_MSGSEND = YES;
				ENABLE_TESTABILITY = YES;
				GCC_C_LANGUAGE_STANDARD = gnu11;
				GCC_DYNAMIC_NO_PIC = NO;
				GCC_NO_COMMON_BLOCKS = YES;
				GCC_OPTIMIZATION_LEVEL = 0;
				GCC_PREPROCESSOR_DEFINITIONS = (
					"DEBUG=1",
					"$(inherited)",
				);
				GCC_WARN_64_TO_32_BIT_CONVERSION = YES;
				GCC_WARN_ABOUT_RETURN_TYPE = YES_ERROR;
				GCC_WARN_UNDECLARED_SELECTOR = YES;
				GCC_WARN_UNINITIALIZED_AUTOS = YES_AGGRESSIVE;
				GCC_WARN_UNUSED_FUNCTION = YES;
				GCC_WARN_UNUSED_VARIABLE = YES;
				IPHONEOS_DEPLOYMENT_TARGET = 11.1;
				MTL_ENABLE_DEBUG_INFO = YES;
				ONLY_ACTIVE_ARCH = YES;
				SDKROOT = iphoneos;
			};
			name = Debug;
		};
		9CCBF23020AE18E80011842F /* Release */ = {
			isa = XCBuildConfiguration;
			buildSettings = {
				ALWAYS_SEARCH_USER_PATHS = NO;
				CLANG_ANALYZER_NONNULL = YES;
				CLANG_ANALYZER_NUMBER_OBJECT_CONVERSION = YES_AGGRESSIVE;
				CLANG_CXX_LANGUAGE_STANDARD = "gnu++14";
				CLANG_CXX_LIBRARY = "libc++";
				CLANG_ENABLE_MODULES = YES;
				CLANG_ENABLE_OBJC_ARC = YES;
				CLANG_WARN_BLOCK_CAPTURE_AUTORELEASING = YES;
				CLANG_WARN_BOOL_CONVERSION = YES;
				CLANG_WARN_COMMA = YES;
				CLANG_WARN_CONSTANT_CONVERSION = YES;
				CLANG_WARN_DIRECT_OBJC_ISA_USAGE = YES_ERROR;
				CLANG_WARN_DOCUMENTATION_COMMENTS = YES;
				CLANG_WARN_EMPTY_BODY = YES;
				CLANG_WARN_ENUM_CONVERSION = YES;
				CLANG_WARN_INFINITE_RECURSION = YES;
				CLANG_WARN_INT_CONVERSION = YES;
				CLANG_WARN_NON_LITERAL_NULL_CONVERSION = YES;
				CLANG_WARN_OBJC_LITERAL_CONVERSION = YES;
				CLANG_WARN_OBJC_ROOT_CLASS = YES_ERROR;
				CLANG_WARN_RANGE_LOOP_ANALYSIS = YES;
				CLANG_WARN_STRICT_PROTOTYPES = YES;
				CLANG_WARN_SUSPICIOUS_MOVE = YES;
				CLANG_WARN_UNGUARDED_AVAILABILITY = YES_AGGRESSIVE;
				CLANG_WARN_UNREACHABLE_CODE = YES;
				CLANG_WARN__DUPLICATE_METHOD_MATCH = YES;
				CODE_SIGN_IDENTITY = "iPhone Developer";
				COPY_PHASE_STRIP = NO;
				DEBUG_INFORMATION_FORMAT = "dwarf-with-dsym";
				ENABLE_NS_ASSERTIONS = NO;
				ENABLE_STRICT_OBJC_MSGSEND = YES;
				GCC_C_LANGUAGE_STANDARD = gnu11;
				GCC_NO_COMMON_BLOCKS = YES;
				GCC_WARN_64_TO_32_BIT_CONVERSION = YES;
				GCC_WARN_ABOUT_RETURN_TYPE = YES_ERROR;
				GCC_WARN_UNDECLARED_SELECTOR = YES;
				GCC_WARN_UNINITIALIZED_AUTOS = YES_AGGRESSIVE;
				GCC_WARN_UNUSED_FUNCTION = YES;
				GCC_WARN_UNUSED_VARIABLE = YES;
				IPHONEOS_DEPLOYMENT_TARGET = 11.1;
				MTL_ENABLE_DEBUG_INFO = NO;
				SDKROOT = iphoneos;
				VALIDATE_PRODUCT = YES;
			};
			name = Release;
		};
		9CCBF23220AE18E80011842F /* Debug */ = {
			isa = XCBuildConfiguration;
			buildSettings = {
				ASSETCATALOG_COMPILER_APPICON_NAME = AppIcon;
				CODE_SIGN_STYLE = Automatic;
				INFOPLIST_FILE = "New-project_28-Coders/Info.plist";
				LD_RUNPATH_SEARCH_PATHS = "$(inherited) @executable_path/Frameworks";
				PRODUCT_BUNDLE_IDENTIFIER = "me.kilolumen.New-project-28-Coders";
				PRODUCT_NAME = "$(TARGET_NAME)";
				TARGETED_DEVICE_FAMILY = "1,2";
			};
			name = Debug;
		};
		9CCBF23320AE18E80011842F /* Release */ = {
			isa = XCBuildConfiguration;
			buildSettings = {
				ASSETCATALOG_COMPILER_APPICON_NAME = AppIcon;
				CODE_SIGN_STYLE = Automatic;
				INFOPLIST_FILE = "New-project_28-Coders/Info.plist";
				LD_RUNPATH_SEARCH_PATHS = "$(inherited) @executable_path/Frameworks";
				PRODUCT_BUNDLE_IDENTIFIER = "me.kilolumen.New-project-28-Coders";
				PRODUCT_NAME = "$(TARGET_NAME)";
				TARGETED_DEVICE_FAMILY = "1,2";
			};
			name = Release;
		};
/* End XCBuildConfiguration section */

/* Begin XCConfigurationList section */
		9CCBF21620AE18E80011842F /* Build configuration list for PBXProject "New-project_28-Coders" */ = {
			isa = XCConfigurationList;
			buildConfigurations = (
				9CCBF22F20AE18E80011842F /* Debug */,
				9CCBF23020AE18E80011842F /* Release */,
			);
			defaultConfigurationIsVisible = 0;
			defaultConfigurationName = Release;
		};
		9CCBF23120AE18E80011842F /* Build configuration list for PBXNativeTarget "New-project_28-Coders" */ = {
			isa = XCConfigurationList;
			buildConfigurations = (
				9CCBF23220AE18E80011842F /* Debug */,
				9CCBF23320AE18E80011842F /* Release */,
			);
			defaultConfigurationIsVisible = 0;
			defaultConfigurationName = Release;
		};
/* End XCConfigurationList section */
	};
	rootObject = 9CCBF21320AE18E80011842F /* Project object */;
}
